
Microsoft Visual Studio Solution File, Format Version 12.00
# Visual Studio Version 17
VisualStudioVersion = 17.5.33424.131
MinimumVisualStudioVersion = 10.0.40219.1
Project("{9A19103F-16F7-4668-BE54-9A1E7A4F7556}") = "Core.Persistence", "Core.Persistence\Core.Persistence.csproj", "{5C06B5EC-8C58-45A6-8B53-DA79708281E9}"
EndProject
Project("{FAE04EC0-301F-11D3-BF4B-00C04F79EFBC}") = "Core.Application", "Core.Application\Core.Application.csproj", "{A5A37282-3BD8-482B-A115-CA4D9D4429D6}"
EndProject
Global
	GlobalSection(SolutionConfigurationPlatforms) = preSolution
		Debug|Any CPU = Debug|Any CPU
		Release|Any CPU = Release|Any CPU
	EndGlobalSection
	GlobalSection(ProjectConfigurationPlatforms) = postSolution
		{5C06B5EC-8C58-45A6-8B53-DA79708281E9}.Debug|Any CPU.ActiveCfg = Debug|Any CPU
		{5C06B5EC-8C58-45A6-8B53-DA79708281E9}.Debug|Any CPU.Build.0 = Debug|Any CPU
		{5C06B5EC-8C58-45A6-8B53-DA79708281E9}.Release|Any CPU.ActiveCfg = Release|Any CPU
		{5C06B5EC-8C58-45A6-8B53-DA79708281E9}.Release|Any CPU.Build.0 = Release|Any CPU
		{A5A37282-3BD8-482B-A115-CA4D9D4429D6}.Debug|Any CPU.ActiveCfg = Debug|Any CPU
		{A5A37282-3BD8-482B-A115-CA4D9D4429D6}.Debug|Any CPU.Build.0 = Debug|Any CPU
		{A5A37282-3BD8-482B-A115-CA4D9D4429D6}.Release|Any CPU.ActiveCfg = Release|Any CPU
		{A5A37282-3BD8-482B-A115-CA4D9D4429D6}.Release|Any CPU.Build.0 = Release|Any CPU
	EndGlobalSection
	GlobalSection(SolutionProperties) = preSolution
		HideSolutionNode = FALSE
	EndGlobalSection
	GlobalSection(ExtensibilityGlobals) = postSolution
		SolutionGuid = {18CF3ABE-97BB-45B2-997C-73B5437A6478}
	EndGlobalSection
EndGlobal
